
Microsoft Visual Studio Solution File, Format Version 12.00
# Visual Studio Version 16
VisualStudioVersion = 16.0.29424.173
MinimumVisualStudioVersion = 10.0.40219.1
Project("{FAE04EC0-301F-11D3-BF4B-00C04F79EFBC}") = "MyElevator", "MyElevator\MyElevator.csproj", "{5813030F-8B41-42DB-AEE0-CDDA779A5FAC}"
EndProject
Global
	GlobalSection(SolutionConfigurationPlatforms) = preSolution
		Debug|Any CPU = Debug|Any CPU
		Release|Any CPU = Release|Any CPU
	EndGlobalSection
	GlobalSection(ProjectConfigurationPlatforms) = postSolution
		{5813030F-8B41-42DB-AEE0-CDDA779A5FAC}.Debug|Any CPU.ActiveCfg = Debug|Any CPU
		{5813030F-8B41-42DB-AEE0-CDDA779A5FAC}.Debug|Any CPU.Build.0 = Debug|Any CPU
		{5813030F-8B41-42DB-AEE0-CDDA779A5FAC}.Release|Any CPU.ActiveCfg = Release|Any CPU
		{5813030F-8B41-42DB-AEE0-CDDA779A5FAC}.Release|Any CPU.Build.0 = Release|Any CPU
	EndGlobalSection
	GlobalSection(SolutionProperties) = preSolution
		HideSolutionNode = FALSE
	EndGlobalSection
	GlobalSection(ExtensibilityGlobals) = postSolution
		SolutionGuid = {C5A5B0CB-5A88-446B-8763-A4DD0970E483}
	EndGlobalSection
EndGlobal
